lockfileVersion: '9.0'

settings:
  autoInstallPeers: true
  excludeLinksFromLockfile: false

importers:

  .:
    dependencies:
      find-my-way:
        specifier: ^9.3.0
        version: 9.3.0
      ws:
        specifier: ^8.18.0
        version: 8.18.3
    devDependencies:
      '@benricheson101/util':
        specifier: ^1.4.0
        version: 1.5.5
      '@biomejs/biome':
        specifier: ^2.3.1
        version: 2.3.1
      '@types/node':
        specifier: ^22.13.1
        version: 22.18.12
      '@types/ws':
        specifier: ^8.5.14
        version: 8.18.1
      typescript:
        specifier: ^5.9.3
        version: 5.9.3

packages:

  '@benricheson101/util@1.5.5':
    resolution: {integrity: sha512-e9iXZTpxPFomWifwf9gfaayfrBXA1MWtKB0FynpIt+q+vZqARc32S2nMaoW9D1+Qq6LfwnmgZC6v0GMiwo+Usg==}

  '@biomejs/biome@2.3.1':
    resolution: {integrity: sha512-A29evf1R72V5bo4o2EPxYMm5mtyGvzp2g+biZvRFx29nWebGyyeOSsDWGx3tuNNMFRepGwxmA9ZQ15mzfabK2w==}
    engines: {node: '>=14.21.3'}
    hasBin: true

  '@biomejs/cli-darwin-arm64@2.3.1':
    resolution: {integrity: sha512-ombSf3MnTUueiYGN1SeI9tBCsDUhpWzOwS63Dove42osNh0PfE1cUtHFx6eZ1+MYCCLwXzlFlYFdrJ+U7h6LcA==}
    engines: {node: '>=14.21.3'}
    cpu: [arm64]
    os: [darwin]

  '@biomejs/cli-darwin-x64@2.3.1':
    resolution: {integrity: sha512-pcOfwyoQkrkbGvXxRvZNe5qgD797IowpJPovPX5biPk2FwMEV+INZqfCaz4G5bVq9hYnjwhRMamg11U4QsRXrQ==}
    engines: {node: '>=14.21.3'}
    cpu: [x64]
    os: [darwin]

  '@biomejs/cli-linux-arm64-musl@2.3.1':
    resolution: {integrity: sha512-+DZYv8l7FlUtTrWs1Tdt1KcNCAmRO87PyOnxKGunbWm5HKg1oZBSbIIPkjrCtDZaeqSG1DiGx7qF+CPsquQRcg==}
    engines: {node: '>=14.21.3'}
    cpu: [arm64]
    os: [linux]

  '@biomejs/cli-linux-arm64@2.3.1':
    resolution: {integrity: sha512-td5O8pFIgLs8H1sAZsD6v+5quODihyEw4nv2R8z7swUfIK1FKk+15e4eiYVLcAE4jUqngvh4j3JCNgg0Y4o4IQ==}
    engines: {node: '>=14.21.3'}
    cpu: [arm64]
    os: [linux]

  '@biomejs/cli-linux-x64-musl@2.3.1':
    resolution: {integrity: sha512-Y3Ob4nqgv38Mh+6EGHltuN+Cq8aj/gyMTJYzkFZV2AEj+9XzoXB9VNljz9pjfFNHUxvLEV4b55VWyxozQTBaUQ==}
    engines: {node: '>=14.21.3'}
    cpu: [x64]
    os: [linux]

  '@biomejs/cli-linux-x64@2.3.1':
    resolution: {integrity: sha512-PYWgEO7up7XYwSAArOpzsVCiqxBCXy53gsReAb1kKYIyXaoAlhBaBMvxR/k2Rm9aTuZ662locXUmPk/Aj+Xu+Q==}
    engines: {node: '>=14.21.3'}
    cpu: [x64]
    os: [linux]

  '@biomejs/cli-win32-arm64@2.3.1':
    resolution: {integrity: sha512-RHIG/zgo+69idUqVvV3n8+j58dKYABRpMyDmfWu2TITC+jwGPiEaT0Q3RKD+kQHiS80mpBrST0iUGeEXT0bU9A==}
    engines: {node: '>=14.21.3'}
    cpu: [arm64]
    os: [win32]

  '@biomejs/cli-win32-x64@2.3.1':
    resolution: {integrity: sha512-izl30JJ5Dp10mi90Eko47zhxE6pYyWPcnX1NQxKpL/yMhXxf95oLTzfpu4q+MDBh/gemNqyJEwjBpe0MT5iWPA==}
    engines: {node: '>=14.21.3'}
    cpu: [x64]
    os: [win32]

  '@types/node@22.18.12':
    resolution: {integrity: sha512-BICHQ67iqxQGFSzfCFTT7MRQ5XcBjG5aeKh5Ok38UBbPe5fxTyE+aHFxwVrGyr8GNlqFMLKD1D3P2K/1ks8tog==}

  '@types/ws@8.18.1':
    resolution: {integrity: sha512-ThVF6DCVhA8kUGy+aazFQ4kXQ7E1Ty7A3ypFOe0IcJV8O/M511G99AW24irKrW56Wt44yG9+ij8FaqoBGkuBXg==}

  fast-decode-uri-component@1.0.1:
    resolution: {integrity: sha512-WKgKWg5eUxvRZGwW8FvfbaH7AXSh2cL+3j5fMGzUMCxWBJ3dV3a7Wz8y2f/uQ0e3B6WmodD3oS54jTQ9HVTIIg==}

  fast-deep-equal@3.1.3:
    resolution: {integrity: sha512-f3qQ9oQy9j2AhBe/H9VC91wLmKBCCU/gDOnKNAYG5hswO7BLKj09Hc5HYNz9cGI++xlpDCIgDaitVs03ATR84Q==}

  fast-querystring@1.1.2:
    resolution: {integrity: sha512-g6KuKWmFXc0fID8WWH0jit4g0AGBoJhCkJMb1RmbsSEUNvQ+ZC8D6CUZ+GtF8nMzSPXnhiePyyqqipzNNEnHjg==}

  find-my-way@9.3.0:
    resolution: {integrity: sha512-eRoFWQw+Yv2tuYlK2pjFS2jGXSxSppAs3hSQjfxVKxM5amECzIgYYc1FEI8ZmhSh/Ig+FrKEz43NLRKJjYCZVg==}
    engines: {node: '>=20'}

  ret@0.5.0:
    resolution: {integrity: sha512-I1XxrZSQ+oErkRR4jYbAyEEu2I0avBvvMM5JN+6EBprOGRCs63ENqZ3vjavq8fBw2+62G5LF5XelKwuJpcvcxw==}
    engines: {node: '>=10'}

  safe-regex2@5.0.0:
    resolution: {integrity: sha512-YwJwe5a51WlK7KbOJREPdjNrpViQBI3p4T50lfwPuDhZnE3XGVTlGvi+aolc5+RvxDD6bnUmjVsU9n1eboLUYw==}

  typescript@5.9.3:
    resolution: {integrity: sha512-jl1vZzPDinLr9eUt3J/t7V6FgNEw9QjvBPdysz9KfQDD41fQrC2Y4vKQdiaUpFT4bXlb1RHhLpp8wtm6M5TgSw==}
    engines: {node: '>=14.17'}
    hasBin: true

  undici-types@6.21.0:
    resolution: {integrity: sha512-iwDZqg0QAGrg9Rav5H4n0M64c3mkR59cJ6wQp+7C4nI0gsmExaedaYLNO44eT4AtBBwjbTiGPMlt2Md0T9H9JQ==}

  ws@8.18.3:
    resolution: {integrity: sha512-PEIGCY5tSlUt50cqyMXfCzX+oOPqN0vuGqWzbcJ2xvnkzkq46oOpz7dQaTDBdfICb4N14+GARUDw2XV2N4tvzg==}
    engines: {node: '>=10.0.0'}
    peerDependencies:
      bufferutil: ^4.0.1
      utf-8-validate: '>=5.0.2'
    peerDependenciesMeta:
      bufferutil:
        optional: true
      utf-8-validate:
        optional: true

snapshots:

  '@benricheson101/util@1.5.5': {}

  '@biomejs/biome@2.3.1':
    optionalDependencies:
      '@biomejs/cli-darwin-arm64': 2.3.1
      '@biomejs/cli-darwin-x64': 2.3.1
      '@biomejs/cli-linux-arm64': 2.3.1
      '@biomejs/cli-linux-arm64-musl': 2.3.1
      '@biomejs/cli-linux-x64': 2.3.1
      '@biomejs/cli-linux-x64-musl': 2.3.1
      '@biomejs/cli-win32-arm64': 2.3.1
      '@biomejs/cli-win32-x64': 2.3.1

  '@biomejs/cli-darwin-arm64@2.3.1':
    optional: true

  '@biomejs/cli-darwin-x64@2.3.1':
    optional: true

  '@biomejs/cli-linux-arm64-musl@2.3.1':
    optional: true

  '@biomejs/cli-linux-arm64@2.3.1':
    optional: true

  '@biomejs/cli-linux-x64-musl@2.3.1':
    optional: true

  '@biomejs/cli-linux-x64@2.3.1':
    optional: true

  '@biomejs/cli-win32-arm64@2.3.1':
    optional: true

  '@biomejs/cli-win32-x64@2.3.1':
    optional: true

  '@types/node@22.18.12':
    dependencies:
      undici-types: 6.21.0

  '@types/ws@8.18.1':
    dependencies:
      '@types/node': 22.18.12

  fast-decode-uri-component@1.0.1: {}

  fast-deep-equal@3.1.3: {}

  fast-querystring@1.1.2:
    dependencies:
      fast-decode-uri-component: 1.0.1

  find-my-way@9.3.0:
    dependencies:
      fast-deep-equal: 3.1.3
      fast-querystring: 1.1.2
      safe-regex2: 5.0.0

  ret@0.5.0: {}

  safe-regex2@5.0.0:
    dependencies:
      ret: 0.5.0

  typescript@5.9.3: {}

  undici-types@6.21.0: {}

  ws@8.18.3: {}
